github.com/guptarohit/asciigraph v0.5.6 h1:0tra3HEhfdj1sP/9IedrCpfSiXYTtHdCgBhBL09Yx6E=
github.com/guptarohit/asciigraph v0.5.6/go.mod h1:dYl5wwK4gNsnFf9Zp+l06rFiDZ5YtXM6x7SRWZ3KGag=
github.com/tuckersGo/musthaveGo/ch16/expkg v0.0.0-20231030141649-380a04ad7102 h1:3RcKxerc3VkeKGL4OFoD7Fd8xnW264ssUJyOwGWrQTM=
github.com/tuckersGo/musthaveGo/ch16/expkg v0.0.0-20231030141649-380a04ad7102/go.mod h1:o12FpIqEJes/Y7CWE9BJemI9VUTQBsH7t3wYlDCw3Fw=
